
Microsoft Visual Studio Solution File, Format Version 12.00
# Visual Studio Version 16
VisualStudioVersion = 16.0.31729.503
MinimumVisualStudioVersion = 10.0.40219.1
Project("{FAE04EC0-301F-11D3-BF4B-00C04F79EFBC}") = "EBenefits", "EBenefits\EBenefits.csproj", "{FF222F65-E162-4715-A829-036FE02FEB4F}"
EndProject
Global
	GlobalSection(SolutionConfigurationPlatforms) = preSolution
		Debug|Any CPU = Debug|Any CPU
		Release|Any CPU = Release|Any CPU
	EndGlobalSection
	GlobalSection(ProjectConfigurationPlatforms) = postSolution
		{FF222F65-E162-4715-A829-036FE02FEB4F}.Debug|Any CPU.ActiveCfg = Debug|Any CPU
		{FF222F65-E162-4715-A829-036FE02FEB4F}.Debug|Any CPU.Build.0 = Debug|Any CPU
		{FF222F65-E162-4715-A829-036FE02FEB4F}.Release|Any CPU.ActiveCfg = Release|Any CPU
		{FF222F65-E162-4715-A829-036FE02FEB4F}.Release|Any CPU.Build.0 = Release|Any CPU
	EndGlobalSection
	GlobalSection(SolutionProperties) = preSolution
		HideSolutionNode = FALSE
	EndGlobalSection
	GlobalSection(ExtensibilityGlobals) = postSolution
		SolutionGuid = {3CA0F761-B44C-42BF-9F9F-3C36E2A61F08}
	EndGlobalSection
EndGlobal
